
Microsoft Visual Studio Solution File, Format Version 12.00
# Visual Studio Version 16
VisualStudioVersion = 16.0.29806.167
MinimumVisualStudioVersion = 10.0.40219.1
Project("{FAE04EC0-301F-11D3-BF4B-00C04F79EFBC}") = "SISGED.Server", "SISGED\Server\SISGED.Server.csproj", "{C574CD94-81FF-4D44-AA57-1205802EC4B9}"
EndProject
Project("{FAE04EC0-301F-11D3-BF4B-00C04F79EFBC}") = "SISGED.Client", "SISGED\Client\SISGED.Client.csproj", "{19C349E2-36D1-47E0-B960-4A48AADB05F3}"
EndProject
Project("{FAE04EC0-301F-11D3-BF4B-00C04F79EFBC}") = "SISGED.Shared", "SISGED\Shared\SISGED.Shared.csproj", "{F2A91B71-C8C3-4555-80FC-66A294E9600D}"
EndProject
Global
	GlobalSection(SolutionConfigurationPlatforms) = preSolution
		Debug|Any CPU = Debug|Any CPU
		Release|Any CPU = Release|Any CPU
	EndGlobalSection
	GlobalSection(ProjectConfigurationPlatforms) = postSolution
		{C574CD94-81FF-4D44-AA57-1205802EC4B9}.Debug|Any CPU.ActiveCfg = Debug|Any CPU
		{C574CD94-81FF-4D44-AA57-1205802EC4B9}.Debug|Any CPU.Build.0 = Debug|Any CPU
		{C574CD94-81FF-4D44-AA57-1205802EC4B9}.Release|Any CPU.ActiveCfg = Release|Any CPU
		{C574CD94-81FF-4D44-AA57-1205802EC4B9}.Release|Any CPU.Build.0 = Release|Any CPU
		{19C349E2-36D1-47E0-B960-4A48AADB05F3}.Debug|Any CPU.ActiveCfg = Debug|Any CPU
		{19C349E2-36D1-47E0-B960-4A48AADB05F3}.Debug|Any CPU.Build.0 = Debug|Any CPU
		{19C349E2-36D1-47E0-B960-4A48AADB05F3}.Release|Any CPU.ActiveCfg = Release|Any CPU
		{19C349E2-36D1-47E0-B960-4A48AADB05F3}.Release|Any CPU.Build.0 = Release|Any CPU
		{F2A91B71-C8C3-4555-80FC-66A294E9600D}.Debug|Any CPU.ActiveCfg = Debug|Any CPU
		{F2A91B71-C8C3-4555-80FC-66A294E9600D}.Debug|Any CPU.Build.0 = Debug|Any CPU
		{F2A91B71-C8C3-4555-80FC-66A294E9600D}.Release|Any CPU.ActiveCfg = Release|Any CPU
		{F2A91B71-C8C3-4555-80FC-66A294E9600D}.Release|Any CPU.Build.0 = Release|Any CPU
	EndGlobalSection
	GlobalSection(SolutionProperties) = preSolution
		HideSolutionNode = FALSE
	EndGlobalSection
	GlobalSection(ExtensibilityGlobals) = postSolution
		SolutionGuid = {E5DCDBDA-1406-449D-9AA0-FC5ACFE4681E}
	EndGlobalSection
EndGlobal
